// !$*UTF8*$!
{
	archiveVersion = 1;
	classes = {
	};
	objectVersion = 50;
	objects = {

/* Begin PBXBuildFile section */
		EB5B6739258567D30049EE82 /* PlaySoundsViewController.swift in Sources */ = {isa = PBXBuildFile; fileRef = EB5B6737258567D30049EE82 /* PlaySoundsViewController.swift */; };
		EB5B673A258567D30049EE82 /* PlaySoundsViewController.xib in Resources */ = {isa = PBXBuildFile; fileRef = EB5B6738258567D30049EE82 /* PlaySoundsViewController.xib */; };
		EB79A6DC2586559A003345CD /* playsoundsviewcontroller-audio.swift in Sources */ = {isa = PBXBuildFile; fileRef = EB79A6DB2586559A003345CD /* playsoundsviewcontroller-audio.swift */; };
		EBFE646F2583DE400089667A /* AppDelegate.swift in Sources */ = {isa = PBXBuildFile; fileRef = EBFE646E2583DE400089667A /* AppDelegate.swift */; };
		EBFE64712583DE400089667A /* SceneDelegate.swift in Sources */ = {isa = PBXBuildFile; fileRef = EBFE64702583DE400089667A /* SceneDelegate.swift */; };
		EBFE64732583DE400089667A /* GrabacionViewController.swift in Sources */ = {isa = PBXBuildFile; fileRef = EBFE64722583DE400089667A /* GrabacionViewController.swift */; };
		EBFE64762583DE400089667A /* Main.storyboard in Resources */ = {isa = PBXBuildFile; fileRef = EBFE64742583DE400089667A /* Main.storyboard */; };
		EBFE64782583DE410089667A /* Assets.xcassets in Resources */ = {isa = PBXBuildFile; fileRef = EBFE64772583DE410089667A /* Assets.xcassets */; };
		EBFE647B2583DE410089667A /* LaunchScreen.storyboard in Resources */ = {isa = PBXBuildFile; fileRef = EBFE64792583DE410089667A /* LaunchScreen.storyboard */; };
/* End PBXBuildFile section */

/* Begin PBXFileReference section */
		EB5B6737258567D30049EE82 /* PlaySoundsViewController.swift */ = {isa = PBXFileReference; lastKnownFileType = sourcecode.swift; path = PlaySoundsViewController.swift; sourceTree = "<group>"; };
		EB5B6738258567D30049EE82 /* PlaySoundsViewController.xib */ = {isa = PBXFileReference; lastKnownFileType = file.xib; path = PlaySoundsViewController.xib; sourceTree = "<group>"; };
		EB79A6DB2586559A003345CD /* playsoundsviewcontroller-audio.swift */ = {isa = PBXFileReference; fileEncoding = 4; lastKnownFileType = sourcecode.swift; path = "playsoundsviewcontroller-audio.swift"; sourceTree = "<group>"; };
		EBFE646B2583DE400089667A /* EditorVoz.app */ = {isa = PBXFileReference; explicitFileType = wrapper.application; includeInIndex = 0; path = EditorVoz.app; sourceTree = BUILT_PRODUCTS_DIR; };
		EBFE646E2583DE400089667A /* AppDelegate.swift */ = {isa = PBXFileReference; lastKnownFileType = sourcecode.swift; path = AppDelegate.swift; sourceTree = "<group>"; };
		EBFE64702583DE400089667A /* SceneDelegate.swift */ = {isa = PBXFileReference; lastKnownFileType = sourcecode.swift; path = SceneDelegate.swift; sourceTree = "<group>"; };
		EBFE64722583DE400089667A /* GrabacionViewController.swift */ = {isa = PBXFileReference; lastKnownFileType = sourcecode.swift; path = GrabacionViewController.swift; sourceTree = "<group>"; };
		EBFE64752583DE400089667A /* Base */ = {isa = PBXFileReference; lastKnownFileType = file.storyboard; name = Base; path = Base.lproj/Main.storyboard; sourceTree = "<group>"; };
		EBFE64772583DE410089667A /* Assets.xcassets */ = {isa = PBXFileReference; lastKnownFileType = folder.assetcatalog; path = Assets.xcassets; sourceTree = "<group>"; };
		EBFE647A2583DE410089667A /* Base */ = {isa = PBXFileReference; lastKnownFileType = file.storyboard; name = Base; path = Base.lproj/LaunchScreen.storyboard; sourceTree = "<group>"; };
		EBFE647C2583DE410089667A /* Info.plist */ = {isa = PBXFileReference; lastKnownFileType = text.plist.xml; path = Info.plist; sourceTree = "<group>"; };
/* End PBXFileReference section */

/* Begin PBXFrameworksBuildPhase section */
		EBFE64682583DE400089667A /* Frameworks */ = {
			isa = PBXFrameworksBuildPhase;
			buildActionMask = 2147483647;
			files = (
			);
			runOnlyForDeploymentPostprocessing = 0;
		};
/* End PBXFrameworksBuildPhase section */

/* Begin PBXGroup section */
		EBFE64622583DE400089667A = {
			isa = PBXGroup;
			children = (
				EBFE646D2583DE400089667A /* EditorVoz */,
				EBFE646C2583DE400089667A /* Products */,
			);
			sourceTree = "<group>";
		};
		EBFE646C2583DE400089667A /* Products */ = {
			isa = PBXGroup;
			children = (
				EBFE646B2583DE400089667A /* EditorVoz.app */,
			);
			name = Products;
			sourceTree = "<group>";
		};
		EBFE646D2583DE400089667A /* EditorVoz */ = {
			isa = PBXGroup;
			children = (
				EBFE646E2583DE400089667A /* AppDelegate.swift */,
				EBFE64702583DE400089667A /* SceneDelegate.swift */,
				EBFE64722583DE400089667A /* GrabacionViewController.swift */,
				EBFE64742583DE400089667A /* Main.storyboard */,
				EBFE64772583DE410089667A /* Assets.xcassets */,
				EBFE64792583DE410089667A /* LaunchScreen.storyboard */,
				EBFE647C2583DE410089667A /* Info.plist */,
				EB5B6737258567D30049EE82 /* PlaySoundsViewController.swift */,
				EB5B6738258567D30049EE82 /* PlaySoundsViewController.xib */,
				EB79A6DB2586559A003345CD /* playsoundsviewcontroller-audio.swift */,
			);
			path = EditorVoz;
			sourceTree = "<group>";
		};
/* End PBXGroup section */

/* Begin PBXNativeTarget section */
		EBFE646A2583DE400089667A /* EditorVoz */ = {
			isa = PBXNativeTarget;
			buildConfigurationList = EBFE647F2583DE410089667A /* Build configuration list for PBXNativeTarget "EditorVoz" */;
			buildPhases = (
				EBFE64672583DE400089667A /* Sources */,
				EBFE64682583DE400089667A /* Frameworks */,
				EBFE64692583DE400089667A /* Resources */,
			);
			buildRules = (
			);
			dependencies = (
			);
			name = EditorVoz;
			productName = EditorVoz;
			productReference = EBFE646B2583DE400089667A /* EditorVoz.app */;
			productType = "com.apple.product-type.application";
		};
/* End PBXNativeTarget section */

/* Begin PBXProject section */
		EBFE64632583DE400089667A /* Project object */ = {
			isa = PBXProject;
			attributes = {
				LastSwiftUpdateCheck = 1210;
				LastUpgradeCheck = 1210;
				TargetAttributes = {
					EBFE646A2583DE400089667A = {
						CreatedOnToolsVersion = 12.1;
					};
				};
			};
			buildConfigurationList = EBFE64662583DE400089667A /* Build configuration list for PBXProject "EditorVoz" */;
			compatibilityVersion = "Xcode 9.3";
			developmentRegion = en;
			hasScannedForEncodings = 0;
			knownRegions = (
				en,
				Base,
			);
			mainGroup = EBFE64622583DE400089667A;
			productRefGroup = EBFE646C2583DE400089667A /* Products */;
			projectDirPath = "";
			projectRoot = "";
			targets = (
				EBFE646A2583DE400089667A /* EditorVoz */,
			);
		};
/* End PBXProject section */

/* Begin PBXResourcesBuildPhase section */
		EBFE64692583DE400089667A /* Resources */ = {
			isa = PBXResourcesBuildPhase;
			buildActionMask = 2147483647;
			files = (
				EBFE647B2583DE410089667A /* LaunchScreen.storyboard in Resources */,
				EBFE64782583DE410089667A /* Assets.xcassets in Resources */,
				EB5B673A258567D30049EE82 /* PlaySoundsViewController.xib in Resources */,
				EBFE64762583DE400089667A /* Main.storyboard in Resources */,
			);
			runOnlyForDeploymentPostprocessing = 0;
		};
/* End PBXResourcesBuildPhase section */

/* Begin PBXSourcesBuildPhase section */
		EBFE64672583DE400089667A /* Sources */ = {
			isa = PBXSourcesBuildPhase;
			buildActionMask = 2147483647;
			files = (
				EBFE64732583DE400089667A /* GrabacionViewController.swift in Sources */,
				EB79A6DC2586559A003345CD /* playsoundsviewcontroller-audio.swift in Sources */,
				EBFE646F2583DE400089667A /* AppDelegate.swift in Sources */,
				EB5B6739258567D30049EE82 /* PlaySoundsViewController.swift in Sources */,
				EBFE64712583DE400089667A /* SceneDelegate.swift in Sources */,
			);
			runOnlyForDeploymentPostprocessing = 0;
		};
/* End PBXSourcesBuildPhase section */

/* Begin PBXVariantGroup section */
		EBFE64742583DE400089667A /* Main.storyboard */ = {
			isa = PBXVariantGroup;
			children = (
				EBFE64752583DE400089667A /* Base */,
			);
			name = Main.storyboard;
			sourceTree = "<group>";
		};
		EBFE64792583DE410089667A /* LaunchScreen.storyboard */ = {
			isa = PBXVariantGroup;
			children = (
				EBFE647A2583DE410089667A /* Base */,
			);
			name = LaunchScreen.storyboard;
			sourceTree = "<group>";
		};
/* End PBXVariantGroup section */

/* Begin XCBuildConfiguration section */
		EBFE647D2583DE410089667A /* Debug */ = {
			isa = XCBuildConfiguration;
			buildSettings = {
				ALWAYS_SEARCH_USER_PATHS = NO;
				CLANG_ANALYZER_NONNULL = YES;
				CLANG_ANALYZER_NUMBER_OBJECT_CONVERSION = YES_AGGRESSIVE;
				CLANG_CXX_LANGUAGE_STANDARD = "gnu++14";
				CLANG_CXX_LIBRARY = "libc++";
				CLANG_ENABLE_MODULES = YES;
				CLANG_ENABLE_OBJC_ARC = YES;
				CLANG_ENABLE_OBJC_WEAK = YES;
				CLANG_WARN_BLOCK_CAPTURE_AUTORELEASING = YES;
				CLANG_WARN_BOOL_CONVERSION = YES;
				CLANG_WARN_COMMA = YES;
				CLANG_WARN_CONSTANT_CONVERSION = YES;
				CLANG_WARN_DEPRECATED_OBJC_IMPLEMENTATIONS = YES;
				CLANG_WARN_DIRECT_OBJC_ISA_USAGE = YES_ERROR;
				CLANG_WARN_DOCUMENTATION_COMMENTS = YES;
				CLANG_WARN_EMPTY_BODY = YES;
				CLANG_WARN_ENUM_CONVERSION = YES;
				CLANG_WARN_INFINITE_RECURSION = YES;
				CLANG_WARN_INT_CONVERSION = YES;
				CLANG_WARN_NON_LITERAL_NULL_CONVERSION = YES;
				CLANG_WARN_OBJC_IMPLICIT_RETAIN_SELF = YES;
				CLANG_WARN_OBJC_LITERAL_CONVERSION = YES;
				CLANG_WARN_OBJC_ROOT_CLASS = YES_ERROR;
				CLANG_WARN_QUOTED_INCLUDE_IN_FRAMEWORK_HEADER = YES;
				CLANG_WARN_RANGE_LOOP_ANALYSIS = YES;
				CLANG_WARN_STRICT_PROTOTYPES = YES;
				CLANG_WARN_SUSPICIOUS_MOVE = YES;
				CLANG_WARN_UNGUARDED_AVAILABILITY = YES_AGGRESSIVE;
				CLANG_WARN_UNREACHABLE_CODE = YES;
				CLANG_WARN__DUPLICATE_METHOD_MATCH = YES;
				COPY_PHASE_STRIP = NO;
				DEBUG_INFORMATION_FORMAT = dwarf;
				ENABLE_STRICT_OBJC_MSGSEND = YES;
				ENABLE_TESTABILITY = YES;
				GCC_C_LANGUAGE_STANDARD = gnu11;
				GCC_DYNAMIC_NO_PIC = NO;
				GCC_NO_COMMON_BLOCKS = YES;
				GCC_OPTIMIZATION_LEVEL = 0;
				GCC_PREPROCESSOR_DEFINITIONS = (
					"DEBUG=1",
					"$(inherited)",
				);
				GCC_WARN_64_TO_32_BIT_CONVERSION = YES;
				GCC_WARN_ABOUT_RETURN_TYPE = YES_ERROR;
				GCC_WARN_UNDECLARED_SELECTOR = YES;
				GCC_WARN_UNINITIALIZED_AUTOS = YES_AGGRESSIVE;
				GCC_WARN_UNUSED_FUNCTION = YES;
				GCC_WARN_UNUSED_VARIABLE = YES;
				IPHONEOS_DEPLOYMENT_TARGET = 14.1;
				MTL_ENABLE_DEBUG_INFO = INCLUDE_SOURCE;
				MTL_FAST_MATH = YES;
				ONLY_ACTIVE_ARCH = YES;
				SDKROOT = iphoneos;
				SWIFT_ACTIVE_COMPILATION_CONDITIONS = DEBUG;
				SWIFT_OPTIMIZATION_LEVEL = "-Onone";
			};
			name = Debug;
		};
		EBFE647E2583DE410089667A /* Release */ = {
			isa = XCBuildConfiguration;
			buildSettings = {
				ALWAYS_SEARCH_USER_PATHS = NO;
				CLANG_ANALYZER_NONNULL = YES;
				CLANG_ANALYZER_NUMBER_OBJECT_CONVERSION = YES_AGGRESSIVE;
				CLANG_CXX_LANGUAGE_STANDARD = "gnu++14";
				CLANG_CXX_LIBRARY = "libc++";
				CLANG_ENABLE_MODULES = YES;
				CLANG_ENABLE_OBJC_ARC = YES;
				CLANG_ENABLE_OBJC_WEAK = YES;
				CLANG_WARN_BLOCK_CAPTURE_AUTORELEASING = YES;
				CLANG_WARN_BOOL_CONVERSION = YES;
				CLANG_WARN_COMMA = YES;
				CLANG_WARN_CONSTANT_CONVERSION = YES;
				CLANG_WARN_DEPRECATED_OBJC_IMPLEMENTATIONS = YES;
				CLANG_WARN_DIRECT_OBJC_ISA_USAGE = YES_ERROR;
				CLANG_WARN_DOCUMENTATION_COMMENTS = YES;
				CLANG_WARN_EMPTY_BODY = YES;
				CLANG_WARN_ENUM_CONVERSION = YES;
				CLANG_WARN_INFINITE_RECURSION = YES;
				CLANG_WARN_INT_CONVERSION = YES;
				CLANG_WARN_NON_LITERAL_NULL_CONVERSION = YES;
				CLANG_WARN_OBJC_IMPLICIT_RETAIN_SELF = YES;
				CLANG_WARN_OBJC_LITERAL_CONVERSION = YES;
				CLANG_WARN_OBJC_ROOT_CLASS = YES_ERROR;
				CLANG_WARN_QUOTED_INCLUDE_IN_FRAMEWORK_HEADER = YES;
				CLANG_WARN_RANGE_LOOP_ANALYSIS = YES;
				CLANG_WARN_STRICT_PROTOTYPES = YES;
				CLANG_WARN_SUSPICIOUS_MOVE = YES;
				CLANG_WARN_UNGUARDED_AVAILABILITY = YES_AGGRESSIVE;
				CLANG_WARN_UNREACHABLE_CODE = YES;
				CLANG_WARN__DUPLICATE_METHOD_MATCH = YES;
				COPY_PHASE_STRIP = NO;
				DEBUG_INFORMATION_FORMAT = "dwarf-with-dsym";
				ENABLE_NS_ASSERTIONS = NO;
				ENABLE_STRICT_OBJC_MSGSEND = YES;
				GCC_C_LANGUAGE_STANDARD = gnu11;
				GCC_NO_COMMON_BLOCKS = YES;
				GCC_WARN_64_TO_32_BIT_CONVERSION = YES;
				GCC_WARN_ABOUT_RETURN_TYPE = YES_ERROR;
				GCC_WARN_UNDECLARED_SELECTOR = YES;
				GCC_WARN_UNINITIALIZED_AUTOS = YES_AGGRESSIVE;
				GCC_WARN_UNUSED_FUNCTION = YES;
				GCC_WARN_UNUSED_VARIABLE = YES;
				IPHONEOS_DEPLOYMENT_TARGET = 14.1;
				MTL_ENABLE_DEBUG_INFO = NO;
				MTL_FAST_MATH = YES;
				SDKROOT = iphoneos;
				SWIFT_COMPILATION_MODE = wholemodule;
				SWIFT_OPTIMIZATION_LEVEL = "-O";
				VALIDATE_PRODUCT = YES;
			};
			name = Release;
		};
		EBFE64802583DE410089667A /* Debug */ = {
			isa = XCBuildConfiguration;
			buildSettings = {
				ASSETCATALOG_COMPILER_APPICON_NAME = AppIcon;
				ASSETCATALOG_COMPILER_GLOBAL_ACCENT_COLOR_NAME = AccentColor;
				CODE_SIGN_STYLE = Automatic;
				INFOPLIST_FILE = EditorVoz/Info.plist;
				LD_RUNPATH_SEARCH_PATHS = (
					"$(inherited)",
					"@executable_path/Frameworks",
				);
				PRODUCT_BUNDLE_IDENTIFIER = yo.EditorVoz;
				PRODUCT_NAME = "$(TARGET_NAME)";
				SWIFT_VERSION = 5.0;
				TARGETED_DEVICE_FAMILY = "1,2";
			};
			name = Debug;
		};
		EBFE64812583DE410089667A /* Release */ = {
			isa = XCBuildConfiguration;
			buildSettings = {
				ASSETCATALOG_COMPILER_APPICON_NAME = AppIcon;
				ASSETCATALOG_COMPILER_GLOBAL_ACCENT_COLOR_NAME = AccentColor;
				CODE_SIGN_STYLE = Automatic;
				INFOPLIST_FILE = EditorVoz/Info.plist;
				LD_RUNPATH_SEARCH_PATHS = (
					"$(inherited)",
					"@executable_path/Frameworks",
				);
				PRODUCT_BUNDLE_IDENTIFIER = yo.EditorVoz;
				PRODUCT_NAME = "$(TARGET_NAME)";
				SWIFT_VERSION = 5.0;
				TARGETED_DEVICE_FAMILY = "1,2";
			};
			name = Release;
		};
/* End XCBuildConfiguration section */

/* Begin XCConfigurationList section */
		EBFE64662583DE400089667A /* Build configuration list for PBXProject "EditorVoz" */ = {
			isa = XCConfigurationList;
			buildConfigurations = (
				EBFE647D2583DE410089667A /* Debug */,
				EBFE647E2583DE410089667A /* Release */,
			);
			defaultConfigurationIsVisible = 0;
			defaultConfigurationName = Release;
		};
		EBFE647F2583DE410089667A /* Build configuration list for PBXNativeTarget "EditorVoz" */ = {
			isa = XCConfigurationList;
			buildConfigurations = (
				EBFE64802583DE410089667A /* Debug */,
				EBFE64812583DE410089667A /* Release */,
			);
			defaultConfigurationIsVisible = 0;
			defaultConfigurationName = Release;
		};
/* End XCConfigurationList section */
	};
	rootObject = EBFE64632583DE400089667A /* Project object */;
}
